
Microsoft Visual Studio Solution File, Format Version 12.00
# Visual Studio 2012
Project("{FAE04EC0-301F-11D3-BF4B-00C04F79EFBC}") = "AMS.Broker.WatchDogService", "AMS.Broker\AMS.Broker.WatchDogService.csproj", "{7241D738-5898-4D89-AF02-8E022EAAA153}"
EndProject
Project("{FAE04EC0-301F-11D3-BF4B-00C04F79EFBC}") = "AMS.Broker.Contracts", "AMS.Broker.Contracts\AMS.Broker.Contracts.csproj", "{C56A9565-449B-4789-B2A9-E596BDFC20B1}"
EndProject
Project("{2150E333-8FDC-42A3-9474-1A3956D46DE8}") = "Solution Items", "Solution Items", "{1FDBAE4A-9197-4247-A328-0CA3C1723EA3}"
	ProjectSection(SolutionItems) = preProject
		AlertReactionDiagram.sequencediagram = AlertReactionDiagram.sequencediagram
		AMS.Broker.vsmdi = AMS.Broker.vsmdi
		Local.testsettings = Local.testsettings
		TraceAndTestImpact.testsettings = TraceAndTestImpact.testsettings
	EndProjectSection
EndProject
Project("{FAE04EC0-301F-11D3-BF4B-00C04F79EFBC}") = "AMS.Broker.StreamInsight", "AMS.Broker.StreamInsight\AMS.Broker.StreamInsight.csproj", "{D0E39C7B-4A6A-407C-93D5-DFE1788F56BC}"
EndProject
Project("{FAE04EC0-301F-11D3-BF4B-00C04F79EFBC}") = "AMS.Broker.StreamInsight.Queries", "AMS.Broker.StreamInsight.Queries\AMS.Broker.StreamInsight.Queries.csproj", "{6839EBAD-2270-4A20-B470-A3C87E69A258}"
EndProject
Project("{FAE04EC0-301F-11D3-BF4B-00C04F79EFBC}") = "AMS.BrokerTests", "AMS.BrokerTests\AMS.BrokerTests.csproj", "{D9DCF893-A029-41D0-9560-C01B90047790}"
EndProject
Project("{2150E333-8FDC-42A3-9474-1A3956D46DE8}") = "_Test", "_Test", "{6E452A3A-3CC8-4E3E-AFF8-23A3D5C7D087}"
EndProject
Project("{FAE04EC0-301F-11D3-BF4B-00C04F79EFBC}") = "AMS.Broker.Test", "AMS.Broker.Test\AMS.Broker.Test.csproj", "{F7BDCE7E-BCA9-4878-B955-2CCCB04EE826}"
EndProject
Project("{FAE04EC0-301F-11D3-BF4B-00C04F79EFBC}") = "Cache", "Cache\Cache.csproj", "{3AE5F5EA-13A2-45F0-AFA0-6975BD3937BB}"
EndProject
Project("{2150E333-8FDC-42A3-9474-1A3956D46DE8}") = ".nuget", ".nuget", "{216D6D04-2765-44AC-ADF3-D06A7072E14F}"
	ProjectSection(SolutionItems) = preProject
		AMS.Broker.Contracts\DTO\AccountAnalyticsAlgorithmTypeDto.cs = AMS.Broker.Contracts\DTO\AccountAnalyticsAlgorithmTypeDto.cs
		.nuget\NuGet.Config = .nuget\NuGet.Config
		.nuget\NuGet.exe = .nuget\NuGet.exe
		.nuget\NuGet.targets = .nuget\NuGet.targets
	EndProjectSection
EndProject
Project("{FAE04EC0-301F-11D3-BF4B-00C04F79EFBC}") = "TwTw.Domain", "TwTw.Domain\TwTw.Domain.csproj", "{EFD351FE-1594-413F-9D5F-AD1FA2E3E259}"
EndProject
Project("{FAE04EC0-301F-11D3-BF4B-00C04F79EFBC}") = "TwTw.DataLayer", "TwTw.DataLayer\TwTw.DataLayer.csproj", "{F283F0B1-BB67-461A-9512-35694D5DFD87}"
EndProject
Project("{FAE04EC0-301F-11D3-BF4B-00C04F79EFBC}") = "TwTw.DataLayer.Tests", "TwTw.DataLayer.Tests\TwTw.DataLayer.Tests.csproj", "{C26D4BB1-C5B9-4E44-A55C-57231C086317}"
EndProject
Global
	GlobalSection(TestCaseManagementSettings) = postSolution
		CategoryFile = AMS.Broker.vsmdi
	EndGlobalSection
	GlobalSection(SolutionConfigurationPlatforms) = preSolution
		Debug|Any CPU = Debug|Any CPU
		Debug|Mixed Platforms = Debug|Mixed Platforms
		Debug|x64 = Debug|x64
		Debug|x86 = Debug|x86
		Release|Any CPU = Release|Any CPU
		Release|Mixed Platforms = Release|Mixed Platforms
		Release|x64 = Release|x64
		Release|x86 = Release|x86
		Release64|Any CPU = Release64|Any CPU
		Release64|Mixed Platforms = Release64|Mixed Platforms
		Release64|x64 = Release64|x64
		Release64|x86 = Release64|x86
	EndGlobalSection
	GlobalSection(ProjectConfigurationPlatforms) = postSolution
		{7241D738-5898-4D89-AF02-8E022EAAA153}.Debug|Any CPU.ActiveCfg = Debug|Any CPU
		{7241D738-5898-4D89-AF02-8E022EAAA153}.Debug|Any CPU.Build.0 = Debug|Any CPU
		{7241D738-5898-4D89-AF02-8E022EAAA153}.Debug|Mixed Platforms.ActiveCfg = Debug|Any CPU
		{7241D738-5898-4D89-AF02-8E022EAAA153}.Debug|Mixed Platforms.Build.0 = Debug|Any CPU
		{7241D738-5898-4D89-AF02-8E022EAAA153}.Debug|x64.ActiveCfg = Debug|x86
		{7241D738-5898-4D89-AF02-8E022EAAA153}.Debug|x64.Build.0 = Debug|x86
		{7241D738-5898-4D89-AF02-8E022EAAA153}.Debug|x86.ActiveCfg = Debug|x86
		{7241D738-5898-4D89-AF02-8E022EAAA153}.Debug|x86.Build.0 = Debug|x86
		{7241D738-5898-4D89-AF02-8E022EAAA153}.Release|Any CPU.ActiveCfg = Release|x86
		{7241D738-5898-4D89-AF02-8E022EAAA153}.Release|Any CPU.Build.0 = Release|x86
		{7241D738-5898-4D89-AF02-8E022EAAA153}.Release|Mixed Platforms.ActiveCfg = Release|x64
		{7241D738-5898-4D89-AF02-8E022EAAA153}.Release|Mixed Platforms.Build.0 = Release|x64
		{7241D738-5898-4D89-AF02-8E022EAAA153}.Release|x64.ActiveCfg = Release|x86
		{7241D738-5898-4D89-AF02-8E022EAAA153}.Release|x64.Build.0 = Release|x86
		{7241D738-5898-4D89-AF02-8E022EAAA153}.Release|x86.ActiveCfg = Release|x86
		{7241D738-5898-4D89-AF02-8E022EAAA153}.Release|x86.Build.0 = Release|x86
		{7241D738-5898-4D89-AF02-8E022EAAA153}.Release64|Any CPU.ActiveCfg = Release64|x86
		{7241D738-5898-4D89-AF02-8E022EAAA153}.Release64|Mixed Platforms.ActiveCfg = Release64|x86
		{7241D738-5898-4D89-AF02-8E022EAAA153}.Release64|Mixed Platforms.Build.0 = Release64|x86
		{7241D738-5898-4D89-AF02-8E022EAAA153}.Release64|x64.ActiveCfg = Release64|x86
		{7241D738-5898-4D89-AF02-8E022EAAA153}.Release64|x86.ActiveCfg = Release64|x86
		{7241D738-5898-4D89-AF02-8E022EAAA153}.Release64|x86.Build.0 = Release64|x86
		{C56A9565-449B-4789-B2A9-E596BDFC20B1}.Debug|Any CPU.ActiveCfg = Debug|Any CPU
		{C56A9565-449B-4789-B2A9-E596BDFC20B1}.Debug|Any CPU.Build.0 = Debug|Any CPU
		{C56A9565-449B-4789-B2A9-E596BDFC20B1}.Debug|Mixed Platforms.ActiveCfg = Debug|Any CPU
		{C56A9565-449B-4789-B2A9-E596BDFC20B1}.Debug|Mixed Platforms.Build.0 = Debug|Any CPU
		{C56A9565-449B-4789-B2A9-E596BDFC20B1}.Debug|x64.ActiveCfg = Debug|Any CPU
		{C56A9565-449B-4789-B2A9-E596BDFC20B1}.Debug|x64.Build.0 = Debug|Any CPU
		{C56A9565-449B-4789-B2A9-E596BDFC20B1}.Debug|x86.ActiveCfg = Debug|x86
		{C56A9565-449B-4789-B2A9-E596BDFC20B1}.Debug|x86.Build.0 = Debug|x86
		{C56A9565-449B-4789-B2A9-E596BDFC20B1}.Release|Any CPU.ActiveCfg = Release|Any CPU
		{C56A9565-449B-4789-B2A9-E596BDFC20B1}.Release|Any CPU.Build.0 = Release|Any CPU
		{C56A9565-449B-4789-B2A9-E596BDFC20B1}.Release|Mixed Platforms.ActiveCfg = Release|Any CPU
		{C56A9565-449B-4789-B2A9-E596BDFC20B1}.Release|Mixed Platforms.Build.0 = Release|Any CPU
		{C56A9565-449B-4789-B2A9-E596BDFC20B1}.Release|x64.ActiveCfg = Release|Any CPU
		{C56A9565-449B-4789-B2A9-E596BDFC20B1}.Release|x64.Build.0 = Release|Any CPU
		{C56A9565-449B-4789-B2A9-E596BDFC20B1}.Release|x86.ActiveCfg = Release|x86
		{C56A9565-449B-4789-B2A9-E596BDFC20B1}.Release|x86.Build.0 = Release|x86
		{C56A9565-449B-4789-B2A9-E596BDFC20B1}.Release64|Any CPU.ActiveCfg = Release64|Any CPU
		{C56A9565-449B-4789-B2A9-E596BDFC20B1}.Release64|Any CPU.Build.0 = Release64|Any CPU
		{C56A9565-449B-4789-B2A9-E596BDFC20B1}.Release64|Mixed Platforms.ActiveCfg = Release64|Any CPU
		{C56A9565-449B-4789-B2A9-E596BDFC20B1}.Release64|Mixed Platforms.Build.0 = Release64|Any CPU
		{C56A9565-449B-4789-B2A9-E596BDFC20B1}.Release64|x64.ActiveCfg = Release64|Any CPU
		{C56A9565-449B-4789-B2A9-E596BDFC20B1}.Release64|x86.ActiveCfg = Release64|Any CPU
		{D0E39C7B-4A6A-407C-93D5-DFE1788F56BC}.Debug|Any CPU.ActiveCfg = Debug|x86
		{D0E39C7B-4A6A-407C-93D5-DFE1788F56BC}.Debug|Mixed Platforms.ActiveCfg = Debug|Any CPU
		{D0E39C7B-4A6A-407C-93D5-DFE1788F56BC}.Debug|x64.ActiveCfg = Debug|x86
		{D0E39C7B-4A6A-407C-93D5-DFE1788F56BC}.Debug|x64.Build.0 = Debug|x86
		{D0E39C7B-4A6A-407C-93D5-DFE1788F56BC}.Debug|x86.ActiveCfg = Debug|x86
		{D0E39C7B-4A6A-407C-93D5-DFE1788F56BC}.Debug|x86.Build.0 = Debug|x86
		{D0E39C7B-4A6A-407C-93D5-DFE1788F56BC}.Release|Any CPU.ActiveCfg = Release|x64
		{D0E39C7B-4A6A-407C-93D5-DFE1788F56BC}.Release|Mixed Platforms.ActiveCfg = Release|Any CPU
		{D0E39C7B-4A6A-407C-93D5-DFE1788F56BC}.Release|x64.ActiveCfg = Release|x64
		{D0E39C7B-4A6A-407C-93D5-DFE1788F56BC}.Release|x64.Build.0 = Release|x64
		{D0E39C7B-4A6A-407C-93D5-DFE1788F56BC}.Release|x86.ActiveCfg = Release|x86
		{D0E39C7B-4A6A-407C-93D5-DFE1788F56BC}.Release|x86.Build.0 = Release|x86
		{D0E39C7B-4A6A-407C-93D5-DFE1788F56BC}.Release64|Any CPU.ActiveCfg = Release64|x86
		{D0E39C7B-4A6A-407C-93D5-DFE1788F56BC}.Release64|Mixed Platforms.ActiveCfg = Release64|x86
		{D0E39C7B-4A6A-407C-93D5-DFE1788F56BC}.Release64|Mixed Platforms.Build.0 = Release64|x86
		{D0E39C7B-4A6A-407C-93D5-DFE1788F56BC}.Release64|x64.ActiveCfg = Release64|x64
		{D0E39C7B-4A6A-407C-93D5-DFE1788F56BC}.Release64|x64.Build.0 = Release64|x64
		{D0E39C7B-4A6A-407C-93D5-DFE1788F56BC}.Release64|x86.ActiveCfg = Release64|x86
		{D0E39C7B-4A6A-407C-93D5-DFE1788F56BC}.Release64|x86.Build.0 = Release64|x86
		{6839EBAD-2270-4A20-B470-A3C87E69A258}.Debug|Any CPU.ActiveCfg = Debug|Any CPU
		{6839EBAD-2270-4A20-B470-A3C87E69A258}.Debug|Any CPU.Build.0 = Debug|Any CPU
		{6839EBAD-2270-4A20-B470-A3C87E69A258}.Debug|Mixed Platforms.ActiveCfg = Debug|Any CPU
		{6839EBAD-2270-4A20-B470-A3C87E69A258}.Debug|x64.ActiveCfg = Debug|Any CPU
		{6839EBAD-2270-4A20-B470-A3C87E69A258}.Debug|x64.Build.0 = Debug|Any CPU
		{6839EBAD-2270-4A20-B470-A3C87E69A258}.Debug|x86.ActiveCfg = Debug|x86
		{6839EBAD-2270-4A20-B470-A3C87E69A258}.Debug|x86.Build.0 = Debug|x86
		{6839EBAD-2270-4A20-B470-A3C87E69A258}.Release|Any CPU.ActiveCfg = Release|Any CPU
		{6839EBAD-2270-4A20-B470-A3C87E69A258}.Release|Any CPU.Build.0 = Release|Any CPU
		{6839EBAD-2270-4A20-B470-A3C87E69A258}.Release|Mixed Platforms.ActiveCfg = Release|Any CPU
		{6839EBAD-2270-4A20-B470-A3C87E69A258}.Release|Mixed Platforms.Build.0 = Release|Any CPU
		{6839EBAD-2270-4A20-B470-A3C87E69A258}.Release|x64.ActiveCfg = Release|Any CPU
		{6839EBAD-2270-4A20-B470-A3C87E69A258}.Release|x64.Build.0 = Release|Any CPU
		{6839EBAD-2270-4A20-B470-A3C87E69A258}.Release|x86.ActiveCfg = Release|x86
		{6839EBAD-2270-4A20-B470-A3C87E69A258}.Release|x86.Build.0 = Release|x86
		{6839EBAD-2270-4A20-B470-A3C87E69A258}.Release64|Any CPU.ActiveCfg = Release64|Any CPU
		{6839EBAD-2270-4A20-B470-A3C87E69A258}.Release64|Any CPU.Build.0 = Release64|Any CPU
		{6839EBAD-2270-4A20-B470-A3C87E69A258}.Release64|Mixed Platforms.ActiveCfg = Release64|Any CPU
		{6839EBAD-2270-4A20-B470-A3C87E69A258}.Release64|Mixed Platforms.Build.0 = Release64|Any CPU
		{6839EBAD-2270-4A20-B470-A3C87E69A258}.Release64|x64.ActiveCfg = Release64|Any CPU
		{6839EBAD-2270-4A20-B470-A3C87E69A258}.Release64|x86.ActiveCfg = Release64|Any CPU
		{D9DCF893-A029-41D0-9560-C01B90047790}.Debug|Any CPU.ActiveCfg = Debug|Any CPU
		{D9DCF893-A029-41D0-9560-C01B90047790}.Debug|Mixed Platforms.ActiveCfg = Debug|Any CPU
		{D9DCF893-A029-41D0-9560-C01B90047790}.Debug|x64.ActiveCfg = Debug|Any CPU
		{D9DCF893-A029-41D0-9560-C01B90047790}.Debug|x64.Build.0 = Debug|Any CPU
		{D9DCF893-A029-41D0-9560-C01B90047790}.Debug|x86.ActiveCfg = Debug|x86
		{D9DCF893-A029-41D0-9560-C01B90047790}.Debug|x86.Build.0 = Debug|x86
		{D9DCF893-A029-41D0-9560-C01B90047790}.Release|Any CPU.ActiveCfg = Release|Any CPU
		{D9DCF893-A029-41D0-9560-C01B90047790}.Release|Any CPU.Build.0 = Release|Any CPU
		{D9DCF893-A029-41D0-9560-C01B90047790}.Release|Mixed Platforms.ActiveCfg = Release|Any CPU
		{D9DCF893-A029-41D0-9560-C01B90047790}.Release|x64.ActiveCfg = Release|Any CPU
		{D9DCF893-A029-41D0-9560-C01B90047790}.Release|x86.ActiveCfg = Release|x86
		{D9DCF893-A029-41D0-9560-C01B90047790}.Release|x86.Build.0 = Release|x86
		{D9DCF893-A029-41D0-9560-C01B90047790}.Release64|Any CPU.ActiveCfg = Release|Any CPU
		{D9DCF893-A029-41D0-9560-C01B90047790}.Release64|Any CPU.Build.0 = Release|Any CPU
		{D9DCF893-A029-41D0-9560-C01B90047790}.Release64|Mixed Platforms.ActiveCfg = Release|Any CPU
		{D9DCF893-A029-41D0-9560-C01B90047790}.Release64|Mixed Platforms.Build.0 = Release|Any CPU
		{D9DCF893-A029-41D0-9560-C01B90047790}.Release64|x64.ActiveCfg = Release|Any CPU
		{D9DCF893-A029-41D0-9560-C01B90047790}.Release64|x86.ActiveCfg = Release|Any CPU
		{F7BDCE7E-BCA9-4878-B955-2CCCB04EE826}.Debug|Any CPU.ActiveCfg = Debug|Any CPU
		{F7BDCE7E-BCA9-4878-B955-2CCCB04EE826}.Debug|Any CPU.Build.0 = Debug|Any CPU
		{F7BDCE7E-BCA9-4878-B955-2CCCB04EE826}.Debug|Mixed Platforms.ActiveCfg = Debug|Any CPU
		{F7BDCE7E-BCA9-4878-B955-2CCCB04EE826}.Debug|x64.ActiveCfg = Debug|Any CPU
		{F7BDCE7E-BCA9-4878-B955-2CCCB04EE826}.Debug|x86.ActiveCfg = Debug|x86
		{F7BDCE7E-BCA9-4878-B955-2CCCB04EE826}.Debug|x86.Build.0 = Debug|x86
		{F7BDCE7E-BCA9-4878-B955-2CCCB04EE826}.Release|Any CPU.ActiveCfg = Release|Any CPU
		{F7BDCE7E-BCA9-4878-B955-2CCCB04EE826}.Release|Any CPU.Build.0 = Release|Any CPU
		{F7BDCE7E-BCA9-4878-B955-2CCCB04EE826}.Release|Mixed Platforms.ActiveCfg = Release|Any CPU
		{F7BDCE7E-BCA9-4878-B955-2CCCB04EE826}.Release|x64.ActiveCfg = Release|Any CPU
		{F7BDCE7E-BCA9-4878-B955-2CCCB04EE826}.Release|x86.ActiveCfg = Release|x86
		{F7BDCE7E-BCA9-4878-B955-2CCCB04EE826}.Release|x86.Build.0 = Release|x86
		{F7BDCE7E-BCA9-4878-B955-2CCCB04EE826}.Release64|Any CPU.ActiveCfg = Release|Any CPU
		{F7BDCE7E-BCA9-4878-B955-2CCCB04EE826}.Release64|Any CPU.Build.0 = Release|Any CPU
		{F7BDCE7E-BCA9-4878-B955-2CCCB04EE826}.Release64|Mixed Platforms.ActiveCfg = Release|Any CPU
		{F7BDCE7E-BCA9-4878-B955-2CCCB04EE826}.Release64|Mixed Platforms.Build.0 = Release|Any CPU
		{F7BDCE7E-BCA9-4878-B955-2CCCB04EE826}.Release64|x64.ActiveCfg = Release|Any CPU
		{F7BDCE7E-BCA9-4878-B955-2CCCB04EE826}.Release64|x86.ActiveCfg = Release|Any CPU
		{3AE5F5EA-13A2-45F0-AFA0-6975BD3937BB}.Debug|Any CPU.ActiveCfg = Debug|Any CPU
		{3AE5F5EA-13A2-45F0-AFA0-6975BD3937BB}.Debug|Any CPU.Build.0 = Debug|Any CPU
		{3AE5F5EA-13A2-45F0-AFA0-6975BD3937BB}.Debug|Mixed Platforms.ActiveCfg = Debug|Any CPU
		{3AE5F5EA-13A2-45F0-AFA0-6975BD3937BB}.Debug|Mixed Platforms.Build.0 = Debug|Any CPU
		{3AE5F5EA-13A2-45F0-AFA0-6975BD3937BB}.Debug|x64.ActiveCfg = Debug|Any CPU
		{3AE5F5EA-13A2-45F0-AFA0-6975BD3937BB}.Debug|x64.Build.0 = Debug|Any CPU
		{3AE5F5EA-13A2-45F0-AFA0-6975BD3937BB}.Debug|x86.ActiveCfg = Debug|x86
		{3AE5F5EA-13A2-45F0-AFA0-6975BD3937BB}.Debug|x86.Build.0 = Debug|x86
		{3AE5F5EA-13A2-45F0-AFA0-6975BD3937BB}.Release|Any CPU.ActiveCfg = Release|Any CPU
		{3AE5F5EA-13A2-45F0-AFA0-6975BD3937BB}.Release|Any CPU.Build.0 = Release|Any CPU
		{3AE5F5EA-13A2-45F0-AFA0-6975BD3937BB}.Release|Mixed Platforms.ActiveCfg = Release|Any CPU
		{3AE5F5EA-13A2-45F0-AFA0-6975BD3937BB}.Release|Mixed Platforms.Build.0 = Release|Any CPU
		{3AE5F5EA-13A2-45F0-AFA0-6975BD3937BB}.Release|x64.ActiveCfg = Release|Any CPU
		{3AE5F5EA-13A2-45F0-AFA0-6975BD3937BB}.Release|x86.ActiveCfg = Release|x86
		{3AE5F5EA-13A2-45F0-AFA0-6975BD3937BB}.Release|x86.Build.0 = Release|x86
		{3AE5F5EA-13A2-45F0-AFA0-6975BD3937BB}.Release64|Any CPU.ActiveCfg = Release|Any CPU
		{3AE5F5EA-13A2-45F0-AFA0-6975BD3937BB}.Release64|Any CPU.Build.0 = Release|Any CPU
		{3AE5F5EA-13A2-45F0-AFA0-6975BD3937BB}.Release64|Mixed Platforms.ActiveCfg = Release|Any CPU
		{3AE5F5EA-13A2-45F0-AFA0-6975BD3937BB}.Release64|Mixed Platforms.Build.0 = Release|Any CPU
		{3AE5F5EA-13A2-45F0-AFA0-6975BD3937BB}.Release64|x64.ActiveCfg = Release|Any CPU
		{3AE5F5EA-13A2-45F0-AFA0-6975BD3937BB}.Release64|x86.ActiveCfg = Release|Any CPU
		{EFD351FE-1594-413F-9D5F-AD1FA2E3E259}.Debug|Any CPU.ActiveCfg = Debug|Any CPU
		{EFD351FE-1594-413F-9D5F-AD1FA2E3E259}.Debug|Any CPU.Build.0 = Debug|Any CPU
		{EFD351FE-1594-413F-9D5F-AD1FA2E3E259}.Debug|Mixed Platforms.ActiveCfg = Debug|Any CPU
		{EFD351FE-1594-413F-9D5F-AD1FA2E3E259}.Debug|Mixed Platforms.Build.0 = Debug|Any CPU
		{EFD351FE-1594-413F-9D5F-AD1FA2E3E259}.Debug|x64.ActiveCfg = Debug|Any CPU
		{EFD351FE-1594-413F-9D5F-AD1FA2E3E259}.Debug|x86.ActiveCfg = Debug|Any CPU
		{EFD351FE-1594-413F-9D5F-AD1FA2E3E259}.Debug|x86.Build.0 = Debug|Any CPU
		{EFD351FE-1594-413F-9D5F-AD1FA2E3E259}.Release|Any CPU.ActiveCfg = Release|Any CPU
		{EFD351FE-1594-413F-9D5F-AD1FA2E3E259}.Release|Any CPU.Build.0 = Release|Any CPU
		{EFD351FE-1594-413F-9D5F-AD1FA2E3E259}.Release|Mixed Platforms.ActiveCfg = Release|Any CPU
		{EFD351FE-1594-413F-9D5F-AD1FA2E3E259}.Release|Mixed Platforms.Build.0 = Release|Any CPU
		{EFD351FE-1594-413F-9D5F-AD1FA2E3E259}.Release|x64.ActiveCfg = Release|Any CPU
		{EFD351FE-1594-413F-9D5F-AD1FA2E3E259}.Release|x86.ActiveCfg = Release|Any CPU
		{EFD351FE-1594-413F-9D5F-AD1FA2E3E259}.Release64|Any CPU.ActiveCfg = Release|Any CPU
		{EFD351FE-1594-413F-9D5F-AD1FA2E3E259}.Release64|Any CPU.Build.0 = Release|Any CPU
		{EFD351FE-1594-413F-9D5F-AD1FA2E3E259}.Release64|Mixed Platforms.ActiveCfg = Release|Any CPU
		{EFD351FE-1594-413F-9D5F-AD1FA2E3E259}.Release64|Mixed Platforms.Build.0 = Release|Any CPU
		{EFD351FE-1594-413F-9D5F-AD1FA2E3E259}.Release64|x64.ActiveCfg = Release|Any CPU
		{EFD351FE-1594-413F-9D5F-AD1FA2E3E259}.Release64|x86.ActiveCfg = Release|Any CPU
		{F283F0B1-BB67-461A-9512-35694D5DFD87}.Debug|Any CPU.ActiveCfg = Debug|Any CPU
		{F283F0B1-BB67-461A-9512-35694D5DFD87}.Debug|Any CPU.Build.0 = Debug|Any CPU
		{F283F0B1-BB67-461A-9512-35694D5DFD87}.Debug|Mixed Platforms.ActiveCfg = Debug|Any CPU
		{F283F0B1-BB67-461A-9512-35694D5DFD87}.Debug|Mixed Platforms.Build.0 = Debug|Any CPU
		{F283F0B1-BB67-461A-9512-35694D5DFD87}.Debug|x64.ActiveCfg = Debug|Any CPU
		{F283F0B1-BB67-461A-9512-35694D5DFD87}.Debug|x86.ActiveCfg = Debug|Any CPU
		{F283F0B1-BB67-461A-9512-35694D5DFD87}.Debug|x86.Build.0 = Debug|Any CPU
		{F283F0B1-BB67-461A-9512-35694D5DFD87}.Release|Any CPU.ActiveCfg = Release|Any CPU
		{F283F0B1-BB67-461A-9512-35694D5DFD87}.Release|Any CPU.Build.0 = Release|Any CPU
		{F283F0B1-BB67-461A-9512-35694D5DFD87}.Release|Mixed Platforms.ActiveCfg = Release|Any CPU
		{F283F0B1-BB67-461A-9512-35694D5DFD87}.Release|Mixed Platforms.Build.0 = Release|Any CPU
		{F283F0B1-BB67-461A-9512-35694D5DFD87}.Release|x64.ActiveCfg = Release|Any CPU
		{F283F0B1-BB67-461A-9512-35694D5DFD87}.Release|x86.ActiveCfg = Release|Any CPU
		{F283F0B1-BB67-461A-9512-35694D5DFD87}.Release64|Any CPU.ActiveCfg = Release|Any CPU
		{F283F0B1-BB67-461A-9512-35694D5DFD87}.Release64|Any CPU.Build.0 = Release|Any CPU
		{F283F0B1-BB67-461A-9512-35694D5DFD87}.Release64|Mixed Platforms.ActiveCfg = Release|Any CPU
		{F283F0B1-BB67-461A-9512-35694D5DFD87}.Release64|Mixed Platforms.Build.0 = Release|Any CPU
		{F283F0B1-BB67-461A-9512-35694D5DFD87}.Release64|x64.ActiveCfg = Release|Any CPU
		{F283F0B1-BB67-461A-9512-35694D5DFD87}.Release64|x86.ActiveCfg = Release|Any CPU
		{C26D4BB1-C5B9-4E44-A55C-57231C086317}.Debug|Any CPU.ActiveCfg = Debug|Any CPU
		{C26D4BB1-C5B9-4E44-A55C-57231C086317}.Debug|Any CPU.Build.0 = Debug|Any CPU
		{C26D4BB1-C5B9-4E44-A55C-57231C086317}.Debug|Mixed Platforms.ActiveCfg = Debug|Any CPU
		{C26D4BB1-C5B9-4E44-A55C-57231C086317}.Debug|Mixed Platforms.Build.0 = Debug|Any CPU
		{C26D4BB1-C5B9-4E44-A55C-57231C086317}.Debug|x64.ActiveCfg = Debug|Any CPU
		{C26D4BB1-C5B9-4E44-A55C-57231C086317}.Debug|x86.ActiveCfg = Debug|Any CPU
		{C26D4BB1-C5B9-4E44-A55C-57231C086317}.Debug|x86.Build.0 = Debug|Any CPU
		{C26D4BB1-C5B9-4E44-A55C-57231C086317}.Release|Any CPU.ActiveCfg = Release|Any CPU
		{C26D4BB1-C5B9-4E44-A55C-57231C086317}.Release|Any CPU.Build.0 = Release|Any CPU
		{C26D4BB1-C5B9-4E44-A55C-57231C086317}.Release|Mixed Platforms.ActiveCfg = Release|Any CPU
		{C26D4BB1-C5B9-4E44-A55C-57231C086317}.Release|Mixed Platforms.Build.0 = Release|Any CPU
		{C26D4BB1-C5B9-4E44-A55C-57231C086317}.Release|x64.ActiveCfg = Release|Any CPU
		{C26D4BB1-C5B9-4E44-A55C-57231C086317}.Release|x86.ActiveCfg = Release|Any CPU
		{C26D4BB1-C5B9-4E44-A55C-57231C086317}.Release64|Any CPU.ActiveCfg = Release|Any CPU
		{C26D4BB1-C5B9-4E44-A55C-57231C086317}.Release64|Any CPU.Build.0 = Release|Any CPU
		{C26D4BB1-C5B9-4E44-A55C-57231C086317}.Release64|Mixed Platforms.ActiveCfg = Release|Any CPU
		{C26D4BB1-C5B9-4E44-A55C-57231C086317}.Release64|Mixed Platforms.Build.0 = Release|Any CPU
		{C26D4BB1-C5B9-4E44-A55C-57231C086317}.Release64|x64.ActiveCfg = Release|Any CPU
		{C26D4BB1-C5B9-4E44-A55C-57231C086317}.Release64|x86.ActiveCfg = Release|Any CPU
	EndGlobalSection
	GlobalSection(SolutionProperties) = preSolution
		HideSolutionNode = FALSE
	EndGlobalSection
	GlobalSection(NestedProjects) = preSolution
		{F7BDCE7E-BCA9-4878-B955-2CCCB04EE826} = {6E452A3A-3CC8-4E3E-AFF8-23A3D5C7D087}
		{C26D4BB1-C5B9-4E44-A55C-57231C086317} = {6E452A3A-3CC8-4E3E-AFF8-23A3D5C7D087}
	EndGlobalSection
	GlobalSection(ExtensibilityGlobals) = postSolution
		EnterpriseLibraryConfigurationToolBinariesPath = packages\Unity.2.1.505.2\lib\NET35;packages\Unity.Interception.2.1.505.2\lib\NET35
	EndGlobalSection
EndGlobal
